
Microsoft Visual Studio Solution File, Format Version 12.00
Project("{FAE04EC0-301F-11D3-BF4B-00C04F79EFBC}") = "PCL.Core", "PCL.Core.csproj", "{A0C2209D-64FB-4C11-9459-8E86304B6F94}"
EndProject
Global
	GlobalSection(SolutionConfigurationPlatforms) = preSolution
		Debug|AnyCPU = Debug|AnyCPU
		Debug|ARM64 = Debug|ARM64
		Debug|x64 = Debug|x64
		CI|AnyCPU = CI|AnyCPU
		CI|ARM64 = CI|ARM64
		CI|x64 = CI|x64
		Publish|AnyCPU = Publish|AnyCPU
		Publish|ARM64 = Publish|ARM64
		Publish|x64 = Publish|x64
	EndGlobalSection
	GlobalSection(ProjectConfigurationPlatforms) = postSolution
		{A0C2209D-64FB-4C11-9459-8E86304B6F94}.Debug|AnyCPU.ActiveCfg = Debug|AnyCPU
		{A0C2209D-64FB-4C11-9459-8E86304B6F94}.Debug|AnyCPU.Build.0 = Debug|AnyCPU
		{A0C2209D-64FB-4C11-9459-8E86304B6F94}.Debug|ARM64.ActiveCfg = Debug|ARM64
		{A0C2209D-64FB-4C11-9459-8E86304B6F94}.Debug|ARM64.Build.0 = Debug|ARM64
		{A0C2209D-64FB-4C11-9459-8E86304B6F94}.Debug|x64.ActiveCfg = Debug|x64
		{A0C2209D-64FB-4C11-9459-8E86304B6F94}.Debug|x64.Build.0 = Debug|x64
		{A0C2209D-64FB-4C11-9459-8E86304B6F94}.CI|AnyCPU.ActiveCfg = CI|AnyCPU
		{A0C2209D-64FB-4C11-9459-8E86304B6F94}.CI|AnyCPU.Build.0 = CI|AnyCPU
		{A0C2209D-64FB-4C11-9459-8E86304B6F94}.CI|ARM64.ActiveCfg = CI|ARM64
		{A0C2209D-64FB-4C11-9459-8E86304B6F94}.CI|ARM64.Build.0 = CI|ARM64
		{A0C2209D-64FB-4C11-9459-8E86304B6F94}.CI|x64.ActiveCfg = CI|x64
		{A0C2209D-64FB-4C11-9459-8E86304B6F94}.CI|x64.Build.0 = CI|x64
		{A0C2209D-64FB-4C11-9459-8E86304B6F94}.Publish|AnyCPU.ActiveCfg = Publish|AnyCPU
		{A0C2209D-64FB-4C11-9459-8E86304B6F94}.Publish|AnyCPU.Build.0 = Publish|AnyCPU
		{A0C2209D-64FB-4C11-9459-8E86304B6F94}.Publish|ARM64.ActiveCfg = Publish|ARM64
		{A0C2209D-64FB-4C11-9459-8E86304B6F94}.Publish|ARM64.Build.0 = Publish|ARM64
		{A0C2209D-64FB-4C11-9459-8E86304B6F94}.Publish|x64.ActiveCfg = Publish|x64
		{A0C2209D-64FB-4C11-9459-8E86304B6F94}.Publish|x64.Build.0 = Publish|x64
	EndGlobalSection
EndGlobal
